
Microsoft Visual Studio Solution File, Format Version 12.00
# Visual Studio Version 17
VisualStudioVersion = 17.0.31612.314
MinimumVisualStudioVersion = 10.0.40219.1
Project("{FAE04EC0-301F-11D3-BF4B-00C04F79EFBC}") = "DattingApp", "DattingApp\DattingApp.csproj", "{F20D2BF8-AD47-48D1-B16C-664E939256DB}"
EndProject
Global
	GlobalSection(SolutionConfigurationPlatforms) = preSolution
		Debug|Any CPU = Debug|Any CPU
		Release|Any CPU = Release|Any CPU
	EndGlobalSection
	GlobalSection(ProjectConfigurationPlatforms) = postSolution
		{F20D2BF8-AD47-48D1-B16C-664E939256DB}.Debug|Any CPU.ActiveCfg = Debug|Any CPU
		{F20D2BF8-AD47-48D1-B16C-664E939256DB}.Debug|Any CPU.Build.0 = Debug|Any CPU
		{F20D2BF8-AD47-48D1-B16C-664E939256DB}.Release|Any CPU.ActiveCfg = Release|Any CPU
		{F20D2BF8-AD47-48D1-B16C-664E939256DB}.Release|Any CPU.Build.0 = Release|Any CPU
	EndGlobalSection
	GlobalSection(SolutionProperties) = preSolution
		HideSolutionNode = FALSE
	EndGlobalSection
	GlobalSection(ExtensibilityGlobals) = postSolution
		SolutionGuid = {EC7D50B6-FF73-4E09-B721-9A5F3ED5C070}
	EndGlobalSection
EndGlobal
